lockfileVersion: '9.0'

settings:
  autoInstallPeers: true
  excludeLinksFromLockfile: false

importers:

  .:
    dependencies:
      csv-parse:
        specifier: ^5.6.0
        version: 5.6.0
      uuid:
        specifier: ^11.0.4
        version: 11.0.4

packages:

  csv-parse@5.6.0:
    resolution: {integrity: sha512-l3nz3euub2QMg5ouu5U09Ew9Wf6/wQ8I++ch1loQ0ljmzhmfZYrH9fflS22i/PQEvsPvxCwxgz5q7UB8K1JO4Q==}

  uuid@11.0.4:
    resolution: {integrity: sha512-IzL6VtTTYcAhA/oghbFJ1Dkmqev+FpQWnCBaKq/gUluLxliWvO8DPFWfIviRmYbtaavtSQe4WBL++rFjdcGWEg==}
    hasBin: true

snapshots:

  csv-parse@5.6.0: {}

  uuid@11.0.4: {}
